// !$*UTF8*$!
{
	archiveVersion = 1;
	classes = {
	};
	objectVersion = 46;
	objects = {

/* Begin PBXBuildFile section */
		156229761C806B7D0063FD5B /* main.m in Sources */ = {isa = PBXBuildFile; fileRef = 156229751C806B7D0063FD5B /* main.m */; };
		156229791C806B7D0063FD5B /* AppDelegate.m in Sources */ = {isa = PBXBuildFile; fileRef = 156229781C806B7D0063FD5B /* AppDelegate.m */; };
		1562297C1C806B7D0063FD5B /* ViewController.m in Sources */ = {isa = PBXBuildFile; fileRef = 1562297B1C806B7D0063FD5B /* ViewController.m */; };
		1562297F1C806B7D0063FD5B /* Main.storyboard in Resources */ = {isa = PBXBuildFile; fileRef = 1562297D1C806B7D0063FD5B /* Main.storyboard */; };
		156229811C806B7D0063FD5B /* Assets.xcassets in Resources */ = {isa = PBXBuildFile; fileRef = 156229801C806B7D0063FD5B /* Assets.xcassets */; };
		156229841C806B7D0063FD5B /* LaunchScreen.storyboard in Resources */ = {isa = PBXBuildFile; fileRef = 156229821C806B7D0063FD5B /* LaunchScreen.storyboard */; };
		1562298E1C806BA80063FD5B /* Reachability.m in Sources */ = {isa = PBXBuildFile; fileRef = 1562298D1C806BA80063FD5B /* Reachability.m */; };
/* End PBXBuildFile section */

/* Begin PBXFileReference section */
		156229711C806B7D0063FD5B /* 网络连接6-3.app */ = {isa = PBXFileReference; explicitFileType = wrapper.application; includeInIndex = 0; path = "网络连接6-3.app"; sourceTree = BUILT_PRODUCTS_DIR; };
		156229751C806B7D0063FD5B /* main.m */ = {isa = PBXFileReference; lastKnownFileType = sourcecode.c.objc; path = main.m; sourceTree = "<group>"; };
		156229771C806B7D0063FD5B /* AppDelegate.h */ = {isa = PBXFileReference; lastKnownFileType = sourcecode.c.h; path = AppDelegate.h; sourceTree = "<group>"; };
		156229781C806B7D0063FD5B /* AppDelegate.m */ = {isa = PBXFileReference; lastKnownFileType = sourcecode.c.objc; path = AppDelegate.m; sourceTree = "<group>"; };
		1562297A1C806B7D0063FD5B /* ViewController.h */ = {isa = PBXFileReference; lastKnownFileType = sourcecode.c.h; path = ViewController.h; sourceTree = "<group>"; };
		1562297B1C806B7D0063FD5B /* ViewController.m */ = {isa = PBXFileReference; lastKnownFileType = sourcecode.c.objc; path = ViewController.m; sourceTree = "<group>"; };
		1562297E1C806B7D0063FD5B /* Base */ = {isa = PBXFileReference; lastKnownFileType = file.storyboard; name = Base; path = Base.lproj/Main.storyboard; sourceTree = "<group>"; };
		156229801C806B7D0063FD5B /* Assets.xcassets */ = {isa = PBXFileReference; lastKnownFileType = folder.assetcatalog; path = Assets.xcassets; sourceTree = "<group>"; };
		156229831C806B7D0063FD5B /* Base */ = {isa = PBXFileReference; lastKnownFileType = file.storyboard; name = Base; path = Base.lproj/LaunchScreen.storyboard; sourceTree = "<group>"; };
		156229851C806B7D0063FD5B /* Info.plist */ = {isa = PBXFileReference; lastKnownFileType = text.plist.xml; path = Info.plist; sourceTree = "<group>"; };
		1562298C1C806BA80063FD5B /* Reachability.h */ = {isa = PBXFileReference; fileEncoding = 4; lastKnownFileType = sourcecode.c.h; path = Reachability.h; sourceTree = "<group>"; };
		1562298D1C806BA80063FD5B /* Reachability.m */ = {isa = PBXFileReference; fileEncoding = 4; lastKnownFileType = sourcecode.c.objc; path = Reachability.m; sourceTree = "<group>"; };
/* End PBXFileReference section */

/* Begin PBXFrameworksBuildPhase section */
		1562296E1C806B7D0063FD5B /* Frameworks */ = {
			isa = PBXFrameworksBuildPhase;
			buildActionMask = 2147483647;
			files = (
			);
			runOnlyForDeploymentPostprocessing = 0;
		};
/* End PBXFrameworksBuildPhase section */

/* Begin PBXGroup section */
		156229681C806B7D0063FD5B = {
			isa = PBXGroup;
			children = (
				156229731C806B7D0063FD5B /* 网络连接6-3 */,
				156229721C806B7D0063FD5B /* Products */,
			);
			sourceTree = "<group>";
		};
		156229721C806B7D0063FD5B /* Products */ = {
			isa = PBXGroup;
			children = (
				156229711C806B7D0063FD5B /* 网络连接6-3.app */,
			);
			name = Products;
			sourceTree = "<group>";
		};
		156229731C806B7D0063FD5B /* 网络连接6-3 */ = {
			isa = PBXGroup;
			children = (
				1562298B1C806BA80063FD5B /* 网络连接状态 */,
				156229771C806B7D0063FD5B /* AppDelegate.h */,
				156229781C806B7D0063FD5B /* AppDelegate.m */,
				1562297A1C806B7D0063FD5B /* ViewController.h */,
				1562297B1C806B7D0063FD5B /* ViewController.m */,
				1562297D1C806B7D0063FD5B /* Main.storyboard */,
				156229801C806B7D0063FD5B /* Assets.xcassets */,
				156229821C806B7D0063FD5B /* LaunchScreen.storyboard */,
				156229851C806B7D0063FD5B /* Info.plist */,
				156229741C806B7D0063FD5B /* Supporting Files */,
			);
			path = "网络连接6-3";
			sourceTree = "<group>";
		};
		156229741C806B7D0063FD5B /* Supporting Files */ = {
			isa = PBXGroup;
			children = (
				156229751C806B7D0063FD5B /* main.m */,
			);
			name = "Supporting Files";
			sourceTree = "<group>";
		};
		1562298B1C806BA80063FD5B /* 网络连接状态 */ = {
			isa = PBXGroup;
			children = (
				1562298C1C806BA80063FD5B /* Reachability.h */,
				1562298D1C806BA80063FD5B /* Reachability.m */,
			);
			path = "网络连接状态";
			sourceTree = "<group>";
		};
/* End PBXGroup section */

/* Begin PBXNativeTarget section */
		156229701C806B7D0063FD5B /* 网络连接6-3 */ = {
			isa = PBXNativeTarget;
			buildConfigurationList = 156229881C806B7D0063FD5B /* Build configuration list for PBXNativeTarget "网络连接6-3" */;
			buildPhases = (
				1562296D1C806B7D0063FD5B /* Sources */,
				1562296E1C806B7D0063FD5B /* Frameworks */,
				1562296F1C806B7D0063FD5B /* Resources */,
			);
			buildRules = (
			);
			dependencies = (
			);
			name = "网络连接6-3";
			productName = "网络连接6-3";
			productReference = 156229711C806B7D0063FD5B /* 网络连接6-3.app */;
			productType = "com.apple.product-type.application";
		};
/* End PBXNativeTarget section */

/* Begin PBXProject section */
		156229691C806B7D0063FD5B /* Project object */ = {
			isa = PBXProject;
			attributes = {
				LastUpgradeCheck = 0720;
				ORGANIZATIONNAME = UIstep;
				TargetAttributes = {
					156229701C806B7D0063FD5B = {
						CreatedOnToolsVersion = 7.2;
					};
				};
			};
			buildConfigurationList = 1562296C1C806B7D0063FD5B /* Build configuration list for PBXProject "网络连接6-3" */;
			compatibilityVersion = "Xcode 3.2";
			developmentRegion = English;
			hasScannedForEncodings = 0;
			knownRegions = (
				en,
				Base,
			);
			mainGroup = 156229681C806B7D0063FD5B;
			productRefGroup = 156229721C806B7D0063FD5B /* Products */;
			projectDirPath = "";
			projectRoot = "";
			targets = (
				156229701C806B7D0063FD5B /* 网络连接6-3 */,
			);
		};
/* End PBXProject section */

/* Begin PBXResourcesBuildPhase section */
		1562296F1C806B7D0063FD5B /* Resources */ = {
			isa = PBXResourcesBuildPhase;
			buildActionMask = 2147483647;
			files = (
				156229841C806B7D0063FD5B /* LaunchScreen.storyboard in Resources */,
				156229811C806B7D0063FD5B /* Assets.xcassets in Resources */,
				1562297F1C806B7D0063FD5B /* Main.storyboard in Resources */,
			);
			runOnlyForDeploymentPostprocessing = 0;
		};
/* End PBXResourcesBuildPhase section */

/* Begin PBXSourcesBuildPhase section */
		1562296D1C806B7D0063FD5B /* Sources */ = {
			isa = PBXSourcesBuildPhase;
			buildActionMask = 2147483647;
			files = (
				1562297C1C806B7D0063FD5B /* ViewController.m in Sources */,
				156229791C806B7D0063FD5B /* AppDelegate.m in Sources */,
				1562298E1C806BA80063FD5B /* Reachability.m in Sources */,
				156229761C806B7D0063FD5B /* main.m in Sources */,
			);
			runOnlyForDeploymentPostprocessing = 0;
		};
/* End PBXSourcesBuildPhase section */

/* Begin PBXVariantGroup section */
		1562297D1C806B7D0063FD5B /* Main.storyboard */ = {
			isa = PBXVariantGroup;
			children = (
				1562297E1C806B7D0063FD5B /* Base */,
			);
			name = Main.storyboard;
			sourceTree = "<group>";
		};
		156229821C806B7D0063FD5B /* LaunchScreen.storyboard */ = {
			isa = PBXVariantGroup;
			children = (
				156229831C806B7D0063FD5B /* Base */,
			);
			name = LaunchScreen.storyboard;
			sourceTree = "<group>";
		};
/* End PBXVariantGroup section */

/* Begin XCBuildConfiguration section */
		156229861C806B7D0063FD5B /* Debug */ = {
			isa = XCBuildConfiguration;
			buildSettings = {
				ALWAYS_SEARCH_USER_PATHS = NO;
				CLANG_CXX_LANGUAGE_STANDARD = "gnu++0x";
				CLANG_CXX_LIBRARY = "libc++";
				CLANG_ENABLE_MODULES = YES;
				CLANG_ENABLE_OBJC_ARC = YES;
				CLANG_WARN_BOOL_CONVERSION = YES;
				CLANG_WARN_CONSTANT_CONVERSION = YES;
				CLANG_WARN_DIRECT_OBJC_ISA_USAGE = YES_ERROR;
				CLANG_WARN_EMPTY_BODY = YES;
				CLANG_WARN_ENUM_CONVERSION = YES;
				CLANG_WARN_INT_CONVERSION = YES;
				CLANG_WARN_OBJC_ROOT_CLASS = YES_ERROR;
				CLANG_WARN_UNREACHABLE_CODE = YES;
				CLANG_WARN__DUPLICATE_METHOD_MATCH = YES;
				"CODE_SIGN_IDENTITY[sdk=iphoneos*]" = "iPhone Developer";
				COPY_PHASE_STRIP = NO;
				DEBUG_INFORMATION_FORMAT = dwarf;
				ENABLE_STRICT_OBJC_MSGSEND = YES;
				ENABLE_TESTABILITY = YES;
				GCC_C_LANGUAGE_STANDARD = gnu99;
				GCC_DYNAMIC_NO_PIC = NO;
				GCC_NO_COMMON_BLOCKS = YES;
				GCC_OPTIMIZATION_LEVEL = 0;
				GCC_PREPROCESSOR_DEFINITIONS = (
					"DEBUG=1",
					"$(inherited)",
				);
				GCC_WARN_64_TO_32_BIT_CONVERSION = YES;
				GCC_WARN_ABOUT_RETURN_TYPE = YES_ERROR;
				GCC_WARN_UNDECLARED_SELECTOR = YES;
				GCC_WARN_UNINITIALIZED_AUTOS = YES_AGGRESSIVE;
				GCC_WARN_UNUSED_FUNCTION = YES;
				GCC_WARN_UNUSED_VARIABLE = YES;
				IPHONEOS_DEPLOYMENT_TARGET = 9.2;
				MTL_ENABLE_DEBUG_INFO = YES;
				ONLY_ACTIVE_ARCH = YES;
				SDKROOT = iphoneos;
			};
			name = Debug;
		};
		156229871C806B7D0063FD5B /* Release */ = {
			isa = XCBuildConfiguration;
			buildSettings = {
				ALWAYS_SEARCH_USER_PATHS = NO;
				CLANG_CXX_LANGUAGE_STANDARD = "gnu++0x";
				CLANG_CXX_LIBRARY = "libc++";
				CLANG_ENABLE_MODULES = YES;
				CLANG_ENABLE_OBJC_ARC = YES;
				CLANG_WARN_BOOL_CONVERSION = YES;
				CLANG_WARN_CONSTANT_CONVERSION = YES;
				CLANG_WARN_DIRECT_OBJC_ISA_USAGE = YES_ERROR;
				CLANG_WARN_EMPTY_BODY = YES;
				CLANG_WARN_ENUM_CONVERSION = YES;
				CLANG_WARN_INT_CONVERSION = YES;
				CLANG_WARN_OBJC_ROOT_CLASS = YES_ERROR;
				CLANG_WARN_UNREACHABLE_CODE = YES;
				CLANG_WARN__DUPLICATE_METHOD_MATCH = YES;
				"CODE_SIGN_IDENTITY[sdk=iphoneos*]" = "iPhone Developer";
				COPY_PHASE_STRIP = NO;
				DEBUG_INFORMATION_FORMAT = "dwarf-with-dsym";
				ENABLE_NS_ASSERTIONS = NO;
				ENABLE_STRICT_OBJC_MSGSEND = YES;
				GCC_C_LANGUAGE_STANDARD = gnu99;
				GCC_NO_COMMON_BLOCKS = YES;
				GCC_WARN_64_TO_32_BIT_CONVERSION = YES;
				GCC_WARN_ABOUT_RETURN_TYPE = YES_ERROR;
				GCC_WARN_UNDECLARED_SELECTOR = YES;
				GCC_WARN_UNINITIALIZED_AUTOS = YES_AGGRESSIVE;
				GCC_WARN_UNUSED_FUNCTION = YES;
				GCC_WARN_UNUSED_VARIABLE = YES;
				IPHONEOS_DEPLOYMENT_TARGET = 9.2;
				MTL_ENABLE_DEBUG_INFO = NO;
				SDKROOT = iphoneos;
				VALIDATE_PRODUCT = YES;
			};
			name = Release;
		};
		156229891C806B7D0063FD5B /* Debug */ = {
			isa = XCBuildConfiguration;
			buildSettings = {
				ASSETCATALOG_COMPILER_APPICON_NAME = AppIcon;
				INFOPLIST_FILE = "网络连接6-3/Info.plist";
				LD_RUNPATH_SEARCH_PATHS = "$(inherited) @executable_path/Frameworks";
				PRODUCT_BUNDLE_IDENTIFIER = "UIstep.----6-3";
				PRODUCT_NAME = "$(TARGET_NAME)";
			};
			name = Debug;
		};
		1562298A1C806B7D0063FD5B /* Release */ = {
			isa = XCBuildConfiguration;
			buildSettings = {
				ASSETCATALOG_COMPILER_APPICON_NAME = AppIcon;
				INFOPLIST_FILE = "网络连接6-3/Info.plist";
				LD_RUNPATH_SEARCH_PATHS = "$(inherited) @executable_path/Frameworks";
				PRODUCT_BUNDLE_IDENTIFIER = "UIstep.----6-3";
				PRODUCT_NAME = "$(TARGET_NAME)";
			};
			name = Release;
		};
/* End XCBuildConfiguration section */

/* Begin XCConfigurationList section */
		1562296C1C806B7D0063FD5B /* Build configuration list for PBXProject "网络连接6-3" */ = {
			isa = XCConfigurationList;
			buildConfigurations = (
				156229861C806B7D0063FD5B /* Debug */,
				156229871C806B7D0063FD5B /* Release */,
			);
			defaultConfigurationIsVisible = 0;
			defaultConfigurationName = Release;
		};
		156229881C806B7D0063FD5B /* Build configuration list for PBXNativeTarget "网络连接6-3" */ = {
			isa = XCConfigurationList;
			buildConfigurations = (
				156229891C806B7D0063FD5B /* Debug */,
				1562298A1C806B7D0063FD5B /* Release */,
			);
			defaultConfigurationIsVisible = 0;
		};
/* End XCConfigurationList section */
	};
	rootObject = 156229691C806B7D0063FD5B /* Project object */;
}
